
Microsoft Visual Studio Solution File, Format Version 12.00
# Visual Studio Version 17
VisualStudioVersion = 17.0.31919.166
MinimumVisualStudioVersion = 10.0.40219.1
Project("{FAE04EC0-301F-11D3-BF4B-00C04F79EFBC}") = "RabbitChat", "RabbitChat.csproj", "{B2FC2F54-AE95-49F1-90E6-D864606217F4}"
EndProject
Global
	GlobalSection(SolutionConfigurationPlatforms) = preSolution
		Debug|Any CPU = Debug|Any CPU
		Release|Any CPU = Release|Any CPU
	EndGlobalSection
	GlobalSection(ProjectConfigurationPlatforms) = postSolution
		{B2FC2F54-AE95-49F1-90E6-D864606217F4}.Debug|Any CPU.ActiveCfg = Debug|Any CPU
		{B2FC2F54-AE95-49F1-90E6-D864606217F4}.Debug|Any CPU.Build.0 = Debug|Any CPU
		{B2FC2F54-AE95-49F1-90E6-D864606217F4}.Release|Any CPU.ActiveCfg = Release|Any CPU
		{B2FC2F54-AE95-49F1-90E6-D864606217F4}.Release|Any CPU.Build.0 = Release|Any CPU
	EndGlobalSection
	GlobalSection(SolutionProperties) = preSolution
		HideSolutionNode = FALSE
	EndGlobalSection
	GlobalSection(ExtensibilityGlobals) = postSolution
		SolutionGuid = {357459A9-B50D-4FEB-9CBD-115FB394CCE2}
	EndGlobalSection
EndGlobal
